{
  "version": 4,
  "terraform_version": "1.3.6",
  "serial": 29,
  "lineage": "8b5bf833-3b0e-ec6d-bb5e-c87166603a7c",
  "outputs": {
    "droplet_ip_address": {
      "value": [
        "378006012",
        "378101042",
        "378101043"
      ],
      "type": [
        "tuple",
        [
          "string",
          "string",
          "string"
        ]
      ]
    }
  },
  "resources": [
    {
      "mode": "managed",
      "type": "digitalocean_certificate",
      "name": "my_ssl_certificate",
      "provider": "provider[\"registry.terraform.io/digitalocean/digitalocean\"]",
      "instances": [
        {
          "schema_version": 1,
          "attributes": {
            "certificate_chain": null,
            "domains": [],
            "id": "my-ssl-certificate",
            "leaf_certificate": "78e3a601ca1bbe91d51c8b84d994e9df5c854ada",
            "name": "my-ssl-certificate",
            "not_after": "2024-10-04T05:21:08Z",
            "private_key": "be8058dd407607ac4ffc85063d9d99c13b615b16",
            "sha1_fingerprint": "6c78735c690be1522adc782fbfe708f1aad18810",
            "state": "verified",
            "type": "custom",
            "uuid": "1a6a037b-bb52-4a36-8a08-459d4b2da1c5"
          },
          "sensitive_attributes": [],
          "private": "eyJzY2hlbWFfdmVyc2lvbiI6IjEifQ=="
        }
      ]
    },
    {
      "mode": "managed",
      "type": "digitalocean_droplet",
      "name": "my_droplet",
      "provider": "provider[\"registry.terraform.io/digitalocean/digitalocean\"]",
      "instances": [
        {
          "index_key": 0,
          "schema_version": 1,
          "attributes": {
            "backups": false,
            "created_at": "2023-10-04T17:57:08Z",
            "disk": 25,
            "id": "378006012",
            "image": "ubuntu-20-04-x64",
            "ipv4_address": "159.203.140.148",
            "ipv4_address_private": "10.108.0.2",
            "ipv6": false,
            "ipv6_address": "",
            "locked": false,
            "memory": 1024,
            "monitoring": false,
            "name": "my-droplet-1",
            "price_hourly": 0.00893,
            "price_monthly": 6,
            "private_networking": true,
            "region": "nyc3",
            "resize_disk": true,
            "size": "s-1vcpu-1gb",
            "ssh_keys": [
              "39594829"
            ],
            "status": "active",
            "tags": [],
            "urn": "do:droplet:378006012",
            "user_data": null,
            "vcpus": 1,
            "volume_ids": [],
            "vpc_uuid": "b3abfaac-34d2-4f6f-a977-f40a0e00452e"
          },
          "sensitive_attributes": [],
          "private": "eyJzY2hlbWFfdmVyc2lvbiI6IjEifQ==",
          "dependencies": [
            "digitalocean_ssh_key.my_ssh_key"
          ]
        },
        {
          "index_key": 1,
          "schema_version": 1,
          "attributes": {
            "backups": false,
            "created_at": "2023-10-05T06:28:39Z",
            "disk": 25,
            "id": "378101042",
            "image": "ubuntu-20-04-x64",
            "ipv4_address": "143.198.10.12",
            "ipv4_address_private": "10.108.0.4",
            "ipv6": false,
            "ipv6_address": "",
            "locked": false,
            "memory": 1024,
            "monitoring": false,
            "name": "my-droplet-2",
            "price_hourly": 0.00893,
            "price_monthly": 6,
            "private_networking": true,
            "region": "nyc3",
            "resize_disk": true,
            "size": "s-1vcpu-1gb",
            "ssh_keys": [
              "39594829"
            ],
            "status": "active",
            "tags": null,
            "urn": "do:droplet:378101042",
            "user_data": null,
            "vcpus": 1,
            "volume_ids": [],
            "vpc_uuid": "b3abfaac-34d2-4f6f-a977-f40a0e00452e"
          },
          "sensitive_attributes": [],
          "private": "eyJzY2hlbWFfdmVyc2lvbiI6IjEifQ==",
          "dependencies": [
            "digitalocean_ssh_key.my_ssh_key"
          ]
        },
        {
          "index_key": 2,
          "schema_version": 1,
          "attributes": {
            "backups": false,
            "created_at": "2023-10-05T06:28:40Z",
            "disk": 25,
            "id": "378101043",
            "image": "ubuntu-20-04-x64",
            "ipv4_address": "167.172.238.77",
            "ipv4_address_private": "10.108.0.5",
            "ipv6": false,
            "ipv6_address": "",
            "locked": false,
            "memory": 1024,
            "monitoring": false,
            "name": "my-droplet-3",
            "price_hourly": 0.00893,
            "price_monthly": 6,
            "private_networking": true,
            "region": "nyc3",
            "resize_disk": true,
            "size": "s-1vcpu-1gb",
            "ssh_keys": [
              "39594829"
            ],
            "status": "active",
            "tags": null,
            "urn": "do:droplet:378101043",
            "user_data": null,
            "vcpus": 1,
            "volume_ids": [],
            "vpc_uuid": "b3abfaac-34d2-4f6f-a977-f40a0e00452e"
          },
          "sensitive_attributes": [],
          "private": "eyJzY2hlbWFfdmVyc2lvbiI6IjEifQ==",
          "dependencies": [
            "digitalocean_ssh_key.my_ssh_key"
          ]
        }
      ]
    },
    {
      "mode": "managed",
      "type": "digitalocean_firewall",
      "name": "my-firewall",
      "provider": "provider[\"registry.terraform.io/digitalocean/digitalocean\"]",
      "instances": [
        {
          "schema_version": 0,
          "attributes": {
            "created_at": "2023-10-05T05:18:53Z",
            "droplet_ids": [
              378006012,
              378101042,
              378101043
            ],
            "id": "18cd070e-a43f-4cf5-8eb5-0892f4cea212",
            "inbound_rule": [
              {
                "port_range": "",
                "protocol": "icmp",
                "source_addresses": [
                  "0.0.0.0/0",
                  "::/0"
                ],
                "source_droplet_ids": [],
                "source_load_balancer_uids": [],
                "source_tags": []
              },
              {
                "port_range": "22",
                "protocol": "tcp",
                "source_addresses": [
                  "0.0.0.0/0",
                  "::/0"
                ],
                "source_droplet_ids": [],
                "source_load_balancer_uids": [],
                "source_tags": []
              },
              {
                "port_range": "443",
                "protocol": "tcp",
                "source_addresses": [
                  "0.0.0.0/0",
                  "::/0"
                ],
                "source_droplet_ids": [],
                "source_load_balancer_uids": [],
                "source_tags": []
              },
              {
                "port_range": "80",
                "protocol": "tcp",
                "source_addresses": [
                  "0.0.0.0/0",
                  "::/0"
                ],
                "source_droplet_ids": [],
                "source_load_balancer_uids": [],
                "source_tags": []
              }
            ],
            "name": "my-firewall",
            "outbound_rule": [
              {
                "destination_addresses": [
                  "0.0.0.0/0",
                  "::/0"
                ],
                "destination_droplet_ids": [],
                "destination_load_balancer_uids": [],
                "destination_tags": [],
                "port_range": "",
                "protocol": "icmp"
              },
              {
                "destination_addresses": [
                  "0.0.0.0/0",
                  "::/0"
                ],
                "destination_droplet_ids": [],
                "destination_load_balancer_uids": [],
                "destination_tags": [],
                "port_range": "53",
                "protocol": "tcp"
              },
              {
                "destination_addresses": [
                  "0.0.0.0/0",
                  "::/0"
                ],
                "destination_droplet_ids": [],
                "destination_load_balancer_uids": [],
                "destination_tags": [],
                "port_range": "53",
                "protocol": "udp"
              }
            ],
            "pending_changes": [
              {
                "droplet_id": 378101042,
                "removing": false,
                "status": "waiting"
              },
              {
                "droplet_id": 378101043,
                "removing": false,
                "status": "waiting"
              }
            ],
            "status": "waiting",
            "tags": []
          },
          "sensitive_attributes": [],
          "private": "bnVsbA==",
          "dependencies": [
            "digitalocean_droplet.my_droplet",
            "digitalocean_ssh_key.my_ssh_key"
          ]
        }
      ]
    },
    {
      "mode": "managed",
      "type": "digitalocean_loadbalancer",
      "name": "public",
      "provider": "provider[\"registry.terraform.io/digitalocean/digitalocean\"]",
      "instances": [
        {
          "schema_version": 1,
          "attributes": {
            "algorithm": "round_robin",
            "droplet_ids": [
              378006012,
              378101042,
              378101043
            ],
            "droplet_tag": "",
            "enable_backend_keepalive": false,
            "enable_proxy_protocol": false,
            "forwarding_rule": [
              {
                "certificate_id": "my-ssl-certificate",
                "certificate_name": "my-ssl-certificate",
                "entry_port": 443,
                "entry_protocol": "https",
                "target_port": 80,
                "target_protocol": "http",
                "tls_passthrough": false
              }
            ],
            "healthcheck": [
              {
                "check_interval_seconds": 10,
                "healthy_threshold": 5,
                "path": "",
                "port": 22,
                "protocol": "tcp",
                "response_timeout_seconds": 5,
                "unhealthy_threshold": 3
              }
            ],
            "id": "b58335c6-ad5a-4bca-950b-d604a6e7f35b",
            "ip": "165.227.251.74",
            "name": "my-loadbalancer",
            "redirect_http_to_https": false,
            "region": "nyc3",
            "size": "lb-small",
            "status": "active",
            "sticky_sessions": [
              {
                "cookie_name": "",
                "cookie_ttl_seconds": 0,
                "type": "none"
              }
            ],
            "urn": "do:loadbalancer:b58335c6-ad5a-4bca-950b-d604a6e7f35b",
            "vpc_uuid": "b3abfaac-34d2-4f6f-a977-f40a0e00452e"
          },
          "sensitive_attributes": [],
          "private": "eyJzY2hlbWFfdmVyc2lvbiI6IjEifQ==",
          "dependencies": [
            "digitalocean_certificate.my_ssl_certificate",
            "digitalocean_droplet.my_droplet",
            "digitalocean_ssh_key.my_ssh_key"
          ]
        }
      ]
    },
    {
      "mode": "managed",
      "type": "digitalocean_ssh_key",
      "name": "my_ssh_key",
      "provider": "provider[\"registry.terraform.io/digitalocean/digitalocean\"]",
      "instances": [
        {
          "schema_version": 0,
          "attributes": {
            "fingerprint": "c9:ad:f7:1a:97:5c:82:9f:05:b6:e4:4b:0b:97:40:ea",
            "id": "39594829",
            "name": "my_ssh_key",
            "public_key": "ssh-rsa AAAAB3NzaC1yc2EAAAADAQABAAACAQDgx2AZDN6K/sDcoLeZMdbJVcIIS4XS5yllbcs61mnWUMAhpugH4KBV/GmIJpJyV1eRIgtdja3MQ+PfQ5xAgMySe4KAQ+Grsd0EACRj8KrrZFQ7ETKMMnRrH+G1Gfe92ZDscDYdsLNSRY1yVXKsY4QLntSxWhVoYMqB9TJfiHWrvISQYCmfvkZV8EGCwKRKprpuAKPLU0oAxf8dLF/a/1c4eCWorEIZz+OftglV5UX4H0F9dHrJwGdXAffKD5xvHN2iuM/MGd+NuvB5iS+VndPBs5sFx/mr1DpOwSsgDHV5h2XGIV+KS39ZxYHxMj81kPlz6E5dSMLdzaY9fJFAN+eGLzG3D9SXfbbBrQ+P2g5OXvjtqLWaBVyyWhvrOGtJPOyUUhqZ9A/A1qiEjM0iqnc+2+R9IjvZTfZ+0Z1GmojvivrYOP+m0vxjD1i+9tgMqFz9jfhUreNHhjQz6DzZOFRfLHQzRoWYF2YJU9jhav0jpS8AwfYUcWvqvwXbEJ1DYliSXH21kRqSoXJmY5KkoBON9mMonm1u2Xe5lorpKaCOcHBmc0lZlKqYkowejULWglQ4m9wDnzdBXZfW4LcK5+RzYS0sEsrzA8ngimOfiXg+njAqLA9zMJ5LNrmq1Oc7T1sB8N0GE1IoJ/wfQfPAOnxMhw/E31VZMUMGGazYyqJjYw== tobimadehin@gmail.com"
          },
          "sensitive_attributes": [],
          "private": "bnVsbA=="
        }
      ]
    }
  ],
  "check_results": null
}
