{
  "version": 4,
  "terraform_version": "1.3.6",
  "serial": 9,
  "lineage": "8b5bf833-3b0e-ec6d-bb5e-c87166603a7c",
  "outputs": {
    "droplet_ip_address": {
      "value": "159.203.140.148",
      "type": "string"
    }
  },
  "resources": [
    {
      "mode": "managed",
      "type": "digitalocean_droplet",
      "name": "my_droplet",
      "provider": "provider[\"registry.terraform.io/digitalocean/digitalocean\"]",
      "instances": [
        {
          "schema_version": 1,
          "attributes": {
            "backups": false,
            "created_at": "2023-10-04T17:57:08Z",
            "disk": 25,
            "id": "378006012",
            "image": "ubuntu-20-04-x64",
            "ipv4_address": "159.203.140.148",
            "ipv4_address_private": "10.108.0.2",
            "ipv6": false,
            "ipv6_address": "",
            "locked": false,
            "memory": 1024,
            "monitoring": false,
            "name": "my-droplet",
            "price_hourly": 0.00893,
            "price_monthly": 6,
            "private_networking": true,
            "region": "nyc3",
            "resize_disk": true,
            "size": "s-1vcpu-1gb",
            "ssh_keys": [
              "39594829"
            ],
            "status": "active",
            "tags": null,
            "urn": "do:droplet:378006012",
            "user_data": null,
            "vcpus": 1,
            "volume_ids": [],
            "vpc_uuid": "b3abfaac-34d2-4f6f-a977-f40a0e00452e"
          },
          "sensitive_attributes": [],
          "private": "eyJzY2hlbWFfdmVyc2lvbiI6IjEifQ==",
          "dependencies": [
            "digitalocean_ssh_key.my_ssh_key"
          ]
        }
      ]
    },
    {
      "mode": "managed",
      "type": "digitalocean_ssh_key",
      "name": "my_ssh_key",
      "provider": "provider[\"registry.terraform.io/digitalocean/digitalocean\"]",
      "instances": [
        {
          "schema_version": 0,
          "attributes": {
            "fingerprint": "6e:0e:a4:5f:c8:f6:2c:ed:d0:af:4d:c9:2f:fa:63:ac",
            "id": "39594829",
            "name": "my_ssh_key",
            "public_key": "ssh-rsa AAAAB3NzaC1yc2EAAAADAQABAAABgQC+OE4JHvEruJ2wy+RqQXTdPvyzzKfwHpq6x5OCsPnKFTq9M8HT8SHJQDD6Gj9efPLQWfbFH5e2I23AUPBhvezrFTCNet7S3iu/YsX923DUUyyQB4rCKbM0cHSYyP+8rn0c11+YPzu/XPOmM8SPgl2b37PHG8/fL0WyPS7l3itbxlC6eUlnlUN0zy9ixkYAuk1iiMl3ewNUybgowZZoWFSvN8YGUR8Krie2D9HkJb00RtZFMEahN0nQPowuplYCC9VeXqUTOwNMz5S5UaRXk1dLAgEJOT5Coi2ETQJzS1Jf1ToDNKdUJKQ2MH6xFvwXG/6P09TtSssV6mYyRHfO3Et0XlGjb/IjMMVWEKjPGCzHrTFxeU5gfPeKYaXOx4UsfckpRF1t4VTBiSSfgVuxdi0MsasHLPclqioJHrbkvA+3DlIQ116FVNu7DB7Th0Y2WLPDyBT2HxaRH/cexvXOKUg2LchyVGtakNg7+HfT+omQICNq2c3IMrGQKiPoHNwG6ys= emmanuel@LAPTOP-A4M37E54\r\n"
          },
          "sensitive_attributes": [],
          "private": "bnVsbA=="
        }
      ]
    }
  ],
  "check_results": null
}
