{
  "version": 4,
  "terraform_version": "1.3.6",
  "serial": 4,
  "lineage": "8b5bf833-3b0e-ec6d-bb5e-c87166603a7c",
  "outputs": {
    "droplet_ip_address": {
      "value": "138.197.84.10",
      "type": "string"
    }
  },
  "resources": [
    {
      "mode": "managed",
      "type": "digitalocean_droplet",
      "name": "my_droplet",
      "provider": "provider[\"registry.terraform.io/digitalocean/digitalocean\"]",
      "instances": [
        {
          "schema_version": 1,
          "attributes": {
            "backups": false,
            "created_at": "2023-10-04T13:15:01Z",
            "disk": 25,
            "id": "377963930",
            "image": "ubuntu-20-04-x64",
            "ipv4_address": "138.197.84.10",
            "ipv4_address_private": "10.108.0.2",
            "ipv6": false,
            "ipv6_address": "",
            "locked": false,
            "memory": 1024,
            "monitoring": false,
            "name": "my-droplet",
            "price_hourly": 0.00893,
            "price_monthly": 6,
            "private_networking": true,
            "region": "nyc3",
            "resize_disk": true,
            "size": "s-1vcpu-1gb",
            "ssh_keys": [
              "39592405"
            ],
            "status": "active",
            "tags": null,
            "urn": "do:droplet:377963930",
            "user_data": null,
            "vcpus": 1,
            "volume_ids": [],
            "vpc_uuid": "b3abfaac-34d2-4f6f-a977-f40a0e00452e"
          },
          "sensitive_attributes": [],
          "private": "eyJzY2hlbWFfdmVyc2lvbiI6IjEifQ==",
          "dependencies": [
            "digitalocean_ssh_key.my_ssh_key"
          ]
        }
      ]
    },
    {
      "mode": "managed",
      "type": "digitalocean_ssh_key",
      "name": "my_ssh_key",
      "provider": "provider[\"registry.terraform.io/digitalocean/digitalocean\"]",
      "instances": [
        {
          "schema_version": 0,
          "attributes": {
            "fingerprint": "29:23:3c:ed:e8:89:b1:ed:64:07:c8:63:f1:b7:f4:8e",
            "id": "39592405",
            "name": "my_ssh_key",
            "public_key": "ssh-rsa AAAAB3NzaC1yc2EAAAADAQABAAABgQDN4eDecFfP14D291hCJBsfOQWTrp/MjKZW3r1dIb8TrnUZVGwwSEkSgxam/wn3a6ogRrpBP+HHvQEG94r8kMwMntRkGMgbirnuHkFsw3XUwQ7LxGP7Oq0w1fPqnszS8dOe++6zMrHsMiPK8BtfcU4uqC1W14ovLIGHRtqj4MC0q3oBTC1pJ4o7XWDNE99uXNJ2o+0D4ppIxaejo7hyGp18EHaDmXwPaF6zIEY6KQQ3P5x8YTnxDX5Nmv5D92aSB0MQ1tNsLOprtGp0kEmEWpuX6uwi9lqDkata5anP0PY+YNIQkkO61XmGdWMskojLGvHYh/HgSVKUATQMGYz7S12rImNbAYcie3GdEW/0uA+I9ru8rimfA3KYl2yIORkUWX72IJ9/km4EuQZYnNDW66xumsipcy+uOb3nTz8q5bs90Na8C7Bp9TuwjW3DWUH55r8Looc1i9FaGZ+eDaWwMnUetb25KrRJW8a5+VT+AS5Yv2bLqwM4o+ZMOGDpO9+ixt0= emmanuel@LAPTOP-A4M37E54\r\n"
          },
          "sensitive_attributes": [],
          "private": "bnVsbA=="
        }
      ]
    }
  ],
  "check_results": null
}
